// !$*UTF8*$!
{
	archiveVersion = 1;
	classes = {
	};
	objectVersion = 50;
	objects = {

/* Begin PBXBuildFile section */
		6F63CBF223524830008EF7D2 /* ServerRequest.swift in Sources */ = {isa = PBXBuildFile; fileRef = 6F63CBF123524830008EF7D2 /* ServerRequest.swift */; };
		6F63CBF423524E50008EF7D2 /* Message.swift in Sources */ = {isa = PBXBuildFile; fileRef = 6F63CBF323524E50008EF7D2 /* Message.swift */; };
		6F63CBF62352506B008EF7D2 /* Post.swift in Sources */ = {isa = PBXBuildFile; fileRef = 6F63CBF52352506B008EF7D2 /* Post.swift */; };
		AD8E8D0623522F760030F7E9 /* AppDelegate.swift in Sources */ = {isa = PBXBuildFile; fileRef = AD8E8D0523522F760030F7E9 /* AppDelegate.swift */; };
		AD8E8D0823522F760030F7E9 /* SceneDelegate.swift in Sources */ = {isa = PBXBuildFile; fileRef = AD8E8D0723522F760030F7E9 /* SceneDelegate.swift */; };
		AD8E8D0B23522F760030F7E9 /* mainboARd.xcdatamodeld in Sources */ = {isa = PBXBuildFile; fileRef = AD8E8D0923522F760030F7E9 /* mainboARd.xcdatamodeld */; };
		AD8E8D0D23522F760030F7E9 /* ContentView.swift in Sources */ = {isa = PBXBuildFile; fileRef = AD8E8D0C23522F760030F7E9 /* ContentView.swift */; };
		AD8E8D0F23522F7A0030F7E9 /* Assets.xcassets in Resources */ = {isa = PBXBuildFile; fileRef = AD8E8D0E23522F7A0030F7E9 /* Assets.xcassets */; };
		AD8E8D1223522F7A0030F7E9 /* Preview Assets.xcassets in Resources */ = {isa = PBXBuildFile; fileRef = AD8E8D1123522F7A0030F7E9 /* Preview Assets.xcassets */; };
		AD8E8D1523522F7A0030F7E9 /* LaunchScreen.storyboard in Resources */ = {isa = PBXBuildFile; fileRef = AD8E8D1323522F7A0030F7E9 /* LaunchScreen.storyboard */; };
		AD8E8D2023522F7A0030F7E9 /* mainboARdTests.swift in Sources */ = {isa = PBXBuildFile; fileRef = AD8E8D1F23522F7A0030F7E9 /* mainboARdTests.swift */; };
		AD8E8D2B23522F7A0030F7E9 /* mainboARdUITests.swift in Sources */ = {isa = PBXBuildFile; fileRef = AD8E8D2A23522F7A0030F7E9 /* mainboARdUITests.swift */; };
		AD8E8D3A235233840030F7E9 /* MenuView.swift in Sources */ = {isa = PBXBuildFile; fileRef = AD8E8D39235233840030F7E9 /* MenuView.swift */; };
		AD8E8D3C235240080030F7E9 /* EditView.swift in Sources */ = {isa = PBXBuildFile; fileRef = AD8E8D3B235240080030F7E9 /* EditView.swift */; };
		AD8E8D40235241DB0030F7E9 /* Room.swift in Sources */ = {isa = PBXBuildFile; fileRef = AD8E8D3F235241DB0030F7E9 /* Room.swift */; };
		AD8E8D42235249A40030F7E9 /* RoomViewModel.swift in Sources */ = {isa = PBXBuildFile; fileRef = AD8E8D41235249A40030F7E9 /* RoomViewModel.swift */; };
		AD8E8D44235253E40030F7E9 /* BoardView.swift in Sources */ = {isa = PBXBuildFile; fileRef = AD8E8D43235253E40030F7E9 /* BoardView.swift */; };
/* End PBXBuildFile section */

/* Begin PBXContainerItemProxy section */
		AD8E8D1C23522F7A0030F7E9 /* PBXContainerItemProxy */ = {
			isa = PBXContainerItemProxy;
			containerPortal = AD8E8CFA23522F760030F7E9 /* Project object */;
			proxyType = 1;
			remoteGlobalIDString = AD8E8D0123522F760030F7E9;
			remoteInfo = mainboARd;
		};
		AD8E8D2723522F7A0030F7E9 /* PBXContainerItemProxy */ = {
			isa = PBXContainerItemProxy;
			containerPortal = AD8E8CFA23522F760030F7E9 /* Project object */;
			proxyType = 1;
			remoteGlobalIDString = AD8E8D0123522F760030F7E9;
			remoteInfo = mainboARd;
		};
/* End PBXContainerItemProxy section */

/* Begin PBXFileReference section */
		6F63CBF123524830008EF7D2 /* ServerRequest.swift */ = {isa = PBXFileReference; lastKnownFileType = sourcecode.swift; path = ServerRequest.swift; sourceTree = "<group>"; };
		6F63CBF323524E50008EF7D2 /* Message.swift */ = {isa = PBXFileReference; lastKnownFileType = sourcecode.swift; path = Message.swift; sourceTree = "<group>"; };
		6F63CBF52352506B008EF7D2 /* Post.swift */ = {isa = PBXFileReference; lastKnownFileType = sourcecode.swift; path = Post.swift; sourceTree = "<group>"; };
		AD8E8D0223522F760030F7E9 /* mainboARd.app */ = {isa = PBXFileReference; explicitFileType = wrapper.application; includeInIndex = 0; path = mainboARd.app; sourceTree = BUILT_PRODUCTS_DIR; };
		AD8E8D0523522F760030F7E9 /* AppDelegate.swift */ = {isa = PBXFileReference; lastKnownFileType = sourcecode.swift; path = AppDelegate.swift; sourceTree = "<group>"; };
		AD8E8D0723522F760030F7E9 /* SceneDelegate.swift */ = {isa = PBXFileReference; lastKnownFileType = sourcecode.swift; path = SceneDelegate.swift; sourceTree = "<group>"; };
		AD8E8D0A23522F760030F7E9 /* mainboARd.xcdatamodel */ = {isa = PBXFileReference; lastKnownFileType = wrapper.xcdatamodel; path = mainboARd.xcdatamodel; sourceTree = "<group>"; };
		AD8E8D0C23522F760030F7E9 /* ContentView.swift */ = {isa = PBXFileReference; lastKnownFileType = sourcecode.swift; path = ContentView.swift; sourceTree = "<group>"; };
		AD8E8D0E23522F7A0030F7E9 /* Assets.xcassets */ = {isa = PBXFileReference; lastKnownFileType = folder.assetcatalog; path = Assets.xcassets; sourceTree = "<group>"; };
		AD8E8D1123522F7A0030F7E9 /* Preview Assets.xcassets */ = {isa = PBXFileReference; lastKnownFileType = folder.assetcatalog; path = "Preview Assets.xcassets"; sourceTree = "<group>"; };
		AD8E8D1423522F7A0030F7E9 /* Base */ = {isa = PBXFileReference; lastKnownFileType = file.storyboard; name = Base; path = Base.lproj/LaunchScreen.storyboard; sourceTree = "<group>"; };
		AD8E8D1623522F7A0030F7E9 /* Info.plist */ = {isa = PBXFileReference; lastKnownFileType = text.plist.xml; path = Info.plist; sourceTree = "<group>"; };
		AD8E8D1B23522F7A0030F7E9 /* mainboARdTests.xctest */ = {isa = PBXFileReference; explicitFileType = wrapper.cfbundle; includeInIndex = 0; path = mainboARdTests.xctest; sourceTree = BUILT_PRODUCTS_DIR; };
		AD8E8D1F23522F7A0030F7E9 /* mainboARdTests.swift */ = {isa = PBXFileReference; lastKnownFileType = sourcecode.swift; path = mainboARdTests.swift; sourceTree = "<group>"; };
		AD8E8D2123522F7A0030F7E9 /* Info.plist */ = {isa = PBXFileReference; lastKnownFileType = text.plist.xml; path = Info.plist; sourceTree = "<group>"; };
		AD8E8D2623522F7A0030F7E9 /* mainboARdUITests.xctest */ = {isa = PBXFileReference; explicitFileType = wrapper.cfbundle; includeInIndex = 0; path = mainboARdUITests.xctest; sourceTree = BUILT_PRODUCTS_DIR; };
		AD8E8D2A23522F7A0030F7E9 /* mainboARdUITests.swift */ = {isa = PBXFileReference; lastKnownFileType = sourcecode.swift; path = mainboARdUITests.swift; sourceTree = "<group>"; };
		AD8E8D2C23522F7A0030F7E9 /* Info.plist */ = {isa = PBXFileReference; lastKnownFileType = text.plist.xml; path = Info.plist; sourceTree = "<group>"; };
		AD8E8D39235233840030F7E9 /* MenuView.swift */ = {isa = PBXFileReference; lastKnownFileType = sourcecode.swift; path = MenuView.swift; sourceTree = "<group>"; };
		AD8E8D3B235240080030F7E9 /* EditView.swift */ = {isa = PBXFileReference; lastKnownFileType = sourcecode.swift; path = EditView.swift; sourceTree = "<group>"; };
		AD8E8D3F235241DB0030F7E9 /* Room.swift */ = {isa = PBXFileReference; lastKnownFileType = sourcecode.swift; path = Room.swift; sourceTree = "<group>"; };
		AD8E8D41235249A40030F7E9 /* RoomViewModel.swift */ = {isa = PBXFileReference; lastKnownFileType = sourcecode.swift; path = RoomViewModel.swift; sourceTree = "<group>"; };
		AD8E8D43235253E40030F7E9 /* BoardView.swift */ = {isa = PBXFileReference; lastKnownFileType = sourcecode.swift; path = BoardView.swift; sourceTree = "<group>"; };
/* End PBXFileReference section */

/* Begin PBXFrameworksBuildPhase section */
		AD8E8CFF23522F760030F7E9 /* Frameworks */ = {
			isa = PBXFrameworksBuildPhase;
			buildActionMask = 2147483647;
			files = (
			);
			runOnlyForDeploymentPostprocessing = 0;
		};
		AD8E8D1823522F7A0030F7E9 /* Frameworks */ = {
			isa = PBXFrameworksBuildPhase;
			buildActionMask = 2147483647;
			files = (
			);
			runOnlyForDeploymentPostprocessing = 0;
		};
		AD8E8D2323522F7A0030F7E9 /* Frameworks */ = {
			isa = PBXFrameworksBuildPhase;
			buildActionMask = 2147483647;
			files = (
			);
			runOnlyForDeploymentPostprocessing = 0;
		};
/* End PBXFrameworksBuildPhase section */

/* Begin PBXGroup section */
		6F63CBF02352366D008EF7D2 /* ClientSideHTTP */ = {
			isa = PBXGroup;
			children = (
				6F63CBF123524830008EF7D2 /* ServerRequest.swift */,
				6F63CBF323524E50008EF7D2 /* Message.swift */,
				6F63CBF52352506B008EF7D2 /* Post.swift */,
			);
			path = ClientSideHTTP;
			sourceTree = "<group>";
		};
		AD8E8CF923522F760030F7E9 = {
			isa = PBXGroup;
			children = (
				AD8E8D0423522F760030F7E9 /* mainboARd */,
				AD8E8D1E23522F7A0030F7E9 /* mainboARdTests */,
				AD8E8D2923522F7A0030F7E9 /* mainboARdUITests */,
				AD8E8D0323522F760030F7E9 /* Products */,
			);
			sourceTree = "<group>";
		};
		AD8E8D0323522F760030F7E9 /* Products */ = {
			isa = PBXGroup;
			children = (
				AD8E8D0223522F760030F7E9 /* mainboARd.app */,
				AD8E8D1B23522F7A0030F7E9 /* mainboARdTests.xctest */,
				AD8E8D2623522F7A0030F7E9 /* mainboARdUITests.xctest */,
			);
			name = Products;
			sourceTree = "<group>";
		};
		AD8E8D0423522F760030F7E9 /* mainboARd */ = {
			isa = PBXGroup;
			children = (
<<<<<<< HEAD
				6F63CBF02352366D008EF7D2 /* ClientSideHTTP */,
=======
<<<<<<< HEAD
				AD8E8D3D235241C40030F7E9 /* Models */,
				AD8E8D38235230340030F7E9 /* Views */,
=======
				6F63CBF02352366D008EF7D2 /* New Group */,
>>>>>>> a7246fa68a07c279cf81aaad6c3c90f49b02d859
>>>>>>> 6efba10efcb25b5e3c36e2da6e6bb14933312573
				AD8E8D0523522F760030F7E9 /* AppDelegate.swift */,
				AD8E8D0723522F760030F7E9 /* SceneDelegate.swift */,
				AD8E8D0C23522F760030F7E9 /* ContentView.swift */,
				AD8E8D0E23522F7A0030F7E9 /* Assets.xcassets */,
				AD8E8D1323522F7A0030F7E9 /* LaunchScreen.storyboard */,
				AD8E8D1623522F7A0030F7E9 /* Info.plist */,
				AD8E8D0923522F760030F7E9 /* mainboARd.xcdatamodeld */,
				AD8E8D1023522F7A0030F7E9 /* Preview Content */,
			);
			path = mainboARd;
			sourceTree = "<group>";
		};
		AD8E8D1023522F7A0030F7E9 /* Preview Content */ = {
			isa = PBXGroup;
			children = (
				AD8E8D1123522F7A0030F7E9 /* Preview Assets.xcassets */,
			);
			path = "Preview Content";
			sourceTree = "<group>";
		};
		AD8E8D1E23522F7A0030F7E9 /* mainboARdTests */ = {
			isa = PBXGroup;
			children = (
				AD8E8D1F23522F7A0030F7E9 /* mainboARdTests.swift */,
				AD8E8D2123522F7A0030F7E9 /* Info.plist */,
			);
			path = mainboARdTests;
			sourceTree = "<group>";
		};
		AD8E8D2923522F7A0030F7E9 /* mainboARdUITests */ = {
			isa = PBXGroup;
			children = (
				AD8E8D2A23522F7A0030F7E9 /* mainboARdUITests.swift */,
				AD8E8D2C23522F7A0030F7E9 /* Info.plist */,
			);
			path = mainboARdUITests;
			sourceTree = "<group>";
		};
		AD8E8D38235230340030F7E9 /* Views */ = {
			isa = PBXGroup;
			children = (
				AD8E8D39235233840030F7E9 /* MenuView.swift */,
				AD8E8D3B235240080030F7E9 /* EditView.swift */,
				AD8E8D43235253E40030F7E9 /* BoardView.swift */,
			);
			path = Views;
			sourceTree = "<group>";
		};
		AD8E8D3D235241C40030F7E9 /* Models */ = {
			isa = PBXGroup;
			children = (
				AD8E8D3F235241DB0030F7E9 /* Room.swift */,
				AD8E8D41235249A40030F7E9 /* RoomViewModel.swift */,
			);
			path = Models;
			sourceTree = "<group>";
		};
/* End PBXGroup section */

/* Begin PBXNativeTarget section */
		AD8E8D0123522F760030F7E9 /* mainboARd */ = {
			isa = PBXNativeTarget;
			buildConfigurationList = AD8E8D2F23522F7A0030F7E9 /* Build configuration list for PBXNativeTarget "mainboARd" */;
			buildPhases = (
				AD8E8CFE23522F760030F7E9 /* Sources */,
				AD8E8CFF23522F760030F7E9 /* Frameworks */,
				AD8E8D0023522F760030F7E9 /* Resources */,
			);
			buildRules = (
			);
			dependencies = (
			);
			name = mainboARd;
			productName = mainboARd;
			productReference = AD8E8D0223522F760030F7E9 /* mainboARd.app */;
			productType = "com.apple.product-type.application";
		};
		AD8E8D1A23522F7A0030F7E9 /* mainboARdTests */ = {
			isa = PBXNativeTarget;
			buildConfigurationList = AD8E8D3223522F7A0030F7E9 /* Build configuration list for PBXNativeTarget "mainboARdTests" */;
			buildPhases = (
				AD8E8D1723522F7A0030F7E9 /* Sources */,
				AD8E8D1823522F7A0030F7E9 /* Frameworks */,
				AD8E8D1923522F7A0030F7E9 /* Resources */,
			);
			buildRules = (
			);
			dependencies = (
				AD8E8D1D23522F7A0030F7E9 /* PBXTargetDependency */,
			);
			name = mainboARdTests;
			productName = mainboARdTests;
			productReference = AD8E8D1B23522F7A0030F7E9 /* mainboARdTests.xctest */;
			productType = "com.apple.product-type.bundle.unit-test";
		};
		AD8E8D2523522F7A0030F7E9 /* mainboARdUITests */ = {
			isa = PBXNativeTarget;
			buildConfigurationList = AD8E8D3523522F7A0030F7E9 /* Build configuration list for PBXNativeTarget "mainboARdUITests" */;
			buildPhases = (
				AD8E8D2223522F7A0030F7E9 /* Sources */,
				AD8E8D2323522F7A0030F7E9 /* Frameworks */,
				AD8E8D2423522F7A0030F7E9 /* Resources */,
			);
			buildRules = (
			);
			dependencies = (
				AD8E8D2823522F7A0030F7E9 /* PBXTargetDependency */,
			);
			name = mainboARdUITests;
			productName = mainboARdUITests;
			productReference = AD8E8D2623522F7A0030F7E9 /* mainboARdUITests.xctest */;
			productType = "com.apple.product-type.bundle.ui-testing";
		};
/* End PBXNativeTarget section */

/* Begin PBXProject section */
		AD8E8CFA23522F760030F7E9 /* Project object */ = {
			isa = PBXProject;
			attributes = {
				LastSwiftUpdateCheck = 1110;
				LastUpgradeCheck = 1110;
				ORGANIZATIONNAME = "backupMain Enterprises";
				TargetAttributes = {
					AD8E8D0123522F760030F7E9 = {
						CreatedOnToolsVersion = 11.1;
					};
					AD8E8D1A23522F7A0030F7E9 = {
						CreatedOnToolsVersion = 11.1;
						TestTargetID = AD8E8D0123522F760030F7E9;
					};
					AD8E8D2523522F7A0030F7E9 = {
						CreatedOnToolsVersion = 11.1;
						TestTargetID = AD8E8D0123522F760030F7E9;
					};
				};
			};
			buildConfigurationList = AD8E8CFD23522F760030F7E9 /* Build configuration list for PBXProject "mainboARd" */;
			compatibilityVersion = "Xcode 9.3";
			developmentRegion = en;
			hasScannedForEncodings = 0;
			knownRegions = (
				en,
				Base,
			);
			mainGroup = AD8E8CF923522F760030F7E9;
			productRefGroup = AD8E8D0323522F760030F7E9 /* Products */;
			projectDirPath = "";
			projectRoot = "";
			targets = (
				AD8E8D0123522F760030F7E9 /* mainboARd */,
				AD8E8D1A23522F7A0030F7E9 /* mainboARdTests */,
				AD8E8D2523522F7A0030F7E9 /* mainboARdUITests */,
			);
		};
/* End PBXProject section */

/* Begin PBXResourcesBuildPhase section */
		AD8E8D0023522F760030F7E9 /* Resources */ = {
			isa = PBXResourcesBuildPhase;
			buildActionMask = 2147483647;
			files = (
				AD8E8D1523522F7A0030F7E9 /* LaunchScreen.storyboard in Resources */,
				AD8E8D1223522F7A0030F7E9 /* Preview Assets.xcassets in Resources */,
				AD8E8D0F23522F7A0030F7E9 /* Assets.xcassets in Resources */,
			);
			runOnlyForDeploymentPostprocessing = 0;
		};
		AD8E8D1923522F7A0030F7E9 /* Resources */ = {
			isa = PBXResourcesBuildPhase;
			buildActionMask = 2147483647;
			files = (
			);
			runOnlyForDeploymentPostprocessing = 0;
		};
		AD8E8D2423522F7A0030F7E9 /* Resources */ = {
			isa = PBXResourcesBuildPhase;
			buildActionMask = 2147483647;
			files = (
			);
			runOnlyForDeploymentPostprocessing = 0;
		};
/* End PBXResourcesBuildPhase section */

/* Begin PBXSourcesBuildPhase section */
		AD8E8CFE23522F760030F7E9 /* Sources */ = {
			isa = PBXSourcesBuildPhase;
			buildActionMask = 2147483647;
			files = (
<<<<<<< HEAD
				AD8E8D3A235233840030F7E9 /* MenuView.swift in Sources */,
=======
				6F63CBF223524830008EF7D2 /* ServerRequest.swift in Sources */,
>>>>>>> a7246fa68a07c279cf81aaad6c3c90f49b02d859
				AD8E8D0623522F760030F7E9 /* AppDelegate.swift in Sources */,
				AD8E8D44235253E40030F7E9 /* BoardView.swift in Sources */,
				AD8E8D40235241DB0030F7E9 /* Room.swift in Sources */,
				AD8E8D3C235240080030F7E9 /* EditView.swift in Sources */,
				AD8E8D0B23522F760030F7E9 /* mainboARd.xcdatamodeld in Sources */,
				6F63CBF423524E50008EF7D2 /* Message.swift in Sources */,
				AD8E8D0D23522F760030F7E9 /* ContentView.swift in Sources */,
				6F63CBF62352506B008EF7D2 /* Post.swift in Sources */,
				AD8E8D0823522F760030F7E9 /* SceneDelegate.swift in Sources */,
				AD8E8D42235249A40030F7E9 /* RoomViewModel.swift in Sources */,
			);
			runOnlyForDeploymentPostprocessing = 0;
		};
		AD8E8D1723522F7A0030F7E9 /* Sources */ = {
			isa = PBXSourcesBuildPhase;
			buildActionMask = 2147483647;
			files = (
				AD8E8D2023522F7A0030F7E9 /* mainboARdTests.swift in Sources */,
			);
			runOnlyForDeploymentPostprocessing = 0;
		};
		AD8E8D2223522F7A0030F7E9 /* Sources */ = {
			isa = PBXSourcesBuildPhase;
			buildActionMask = 2147483647;
			files = (
				AD8E8D2B23522F7A0030F7E9 /* mainboARdUITests.swift in Sources */,
			);
			runOnlyForDeploymentPostprocessing = 0;
		};
/* End PBXSourcesBuildPhase section */

/* Begin PBXTargetDependency section */
		AD8E8D1D23522F7A0030F7E9 /* PBXTargetDependency */ = {
			isa = PBXTargetDependency;
			target = AD8E8D0123522F760030F7E9 /* mainboARd */;
			targetProxy = AD8E8D1C23522F7A0030F7E9 /* PBXContainerItemProxy */;
		};
		AD8E8D2823522F7A0030F7E9 /* PBXTargetDependency */ = {
			isa = PBXTargetDependency;
			target = AD8E8D0123522F760030F7E9 /* mainboARd */;
			targetProxy = AD8E8D2723522F7A0030F7E9 /* PBXContainerItemProxy */;
		};
/* End PBXTargetDependency section */

/* Begin PBXVariantGroup section */
		AD8E8D1323522F7A0030F7E9 /* LaunchScreen.storyboard */ = {
			isa = PBXVariantGroup;
			children = (
				AD8E8D1423522F7A0030F7E9 /* Base */,
			);
			name = LaunchScreen.storyboard;
			sourceTree = "<group>";
		};
/* End PBXVariantGroup section */

/* Begin XCBuildConfiguration section */
		AD8E8D2D23522F7A0030F7E9 /* Debug */ = {
			isa = XCBuildConfiguration;
			buildSettings = {
				ALWAYS_SEARCH_USER_PATHS = NO;
				CLANG_ANALYZER_NONNULL = YES;
				CLANG_ANALYZER_NUMBER_OBJECT_CONVERSION = YES_AGGRESSIVE;
				CLANG_CXX_LANGUAGE_STANDARD = "gnu++14";
				CLANG_CXX_LIBRARY = "libc++";
				CLANG_ENABLE_MODULES = YES;
				CLANG_ENABLE_OBJC_ARC = YES;
				CLANG_ENABLE_OBJC_WEAK = YES;
				CLANG_WARN_BLOCK_CAPTURE_AUTORELEASING = YES;
				CLANG_WARN_BOOL_CONVERSION = YES;
				CLANG_WARN_COMMA = YES;
				CLANG_WARN_CONSTANT_CONVERSION = YES;
				CLANG_WARN_DEPRECATED_OBJC_IMPLEMENTATIONS = YES;
				CLANG_WARN_DIRECT_OBJC_ISA_USAGE = YES_ERROR;
				CLANG_WARN_DOCUMENTATION_COMMENTS = YES;
				CLANG_WARN_EMPTY_BODY = YES;
				CLANG_WARN_ENUM_CONVERSION = YES;
				CLANG_WARN_INFINITE_RECURSION = YES;
				CLANG_WARN_INT_CONVERSION = YES;
				CLANG_WARN_NON_LITERAL_NULL_CONVERSION = YES;
				CLANG_WARN_OBJC_IMPLICIT_RETAIN_SELF = YES;
				CLANG_WARN_OBJC_LITERAL_CONVERSION = YES;
				CLANG_WARN_OBJC_ROOT_CLASS = YES_ERROR;
				CLANG_WARN_RANGE_LOOP_ANALYSIS = YES;
				CLANG_WARN_STRICT_PROTOTYPES = YES;
				CLANG_WARN_SUSPICIOUS_MOVE = YES;
				CLANG_WARN_UNGUARDED_AVAILABILITY = YES_AGGRESSIVE;
				CLANG_WARN_UNREACHABLE_CODE = YES;
				CLANG_WARN__DUPLICATE_METHOD_MATCH = YES;
				COPY_PHASE_STRIP = NO;
				DEBUG_INFORMATION_FORMAT = dwarf;
				ENABLE_STRICT_OBJC_MSGSEND = YES;
				ENABLE_TESTABILITY = YES;
				GCC_C_LANGUAGE_STANDARD = gnu11;
				GCC_DYNAMIC_NO_PIC = NO;
				GCC_NO_COMMON_BLOCKS = YES;
				GCC_OPTIMIZATION_LEVEL = 0;
				GCC_PREPROCESSOR_DEFINITIONS = (
					"DEBUG=1",
					"$(inherited)",
				);
				GCC_WARN_64_TO_32_BIT_CONVERSION = YES;
				GCC_WARN_ABOUT_RETURN_TYPE = YES_ERROR;
				GCC_WARN_UNDECLARED_SELECTOR = YES;
				GCC_WARN_UNINITIALIZED_AUTOS = YES_AGGRESSIVE;
				GCC_WARN_UNUSED_FUNCTION = YES;
				GCC_WARN_UNUSED_VARIABLE = YES;
				IPHONEOS_DEPLOYMENT_TARGET = 13.1;
				MTL_ENABLE_DEBUG_INFO = INCLUDE_SOURCE;
				MTL_FAST_MATH = YES;
				ONLY_ACTIVE_ARCH = YES;
				SDKROOT = iphoneos;
				SWIFT_ACTIVE_COMPILATION_CONDITIONS = DEBUG;
				SWIFT_OPTIMIZATION_LEVEL = "-Onone";
			};
			name = Debug;
		};
		AD8E8D2E23522F7A0030F7E9 /* Release */ = {
			isa = XCBuildConfiguration;
			buildSettings = {
				ALWAYS_SEARCH_USER_PATHS = NO;
				CLANG_ANALYZER_NONNULL = YES;
				CLANG_ANALYZER_NUMBER_OBJECT_CONVERSION = YES_AGGRESSIVE;
				CLANG_CXX_LANGUAGE_STANDARD = "gnu++14";
				CLANG_CXX_LIBRARY = "libc++";
				CLANG_ENABLE_MODULES = YES;
				CLANG_ENABLE_OBJC_ARC = YES;
				CLANG_ENABLE_OBJC_WEAK = YES;
				CLANG_WARN_BLOCK_CAPTURE_AUTORELEASING = YES;
				CLANG_WARN_BOOL_CONVERSION = YES;
				CLANG_WARN_COMMA = YES;
				CLANG_WARN_CONSTANT_CONVERSION = YES;
				CLANG_WARN_DEPRECATED_OBJC_IMPLEMENTATIONS = YES;
				CLANG_WARN_DIRECT_OBJC_ISA_USAGE = YES_ERROR;
				CLANG_WARN_DOCUMENTATION_COMMENTS = YES;
				CLANG_WARN_EMPTY_BODY = YES;
				CLANG_WARN_ENUM_CONVERSION = YES;
				CLANG_WARN_INFINITE_RECURSION = YES;
				CLANG_WARN_INT_CONVERSION = YES;
				CLANG_WARN_NON_LITERAL_NULL_CONVERSION = YES;
				CLANG_WARN_OBJC_IMPLICIT_RETAIN_SELF = YES;
				CLANG_WARN_OBJC_LITERAL_CONVERSION = YES;
				CLANG_WARN_OBJC_ROOT_CLASS = YES_ERROR;
				CLANG_WARN_RANGE_LOOP_ANALYSIS = YES;
				CLANG_WARN_STRICT_PROTOTYPES = YES;
				CLANG_WARN_SUSPICIOUS_MOVE = YES;
				CLANG_WARN_UNGUARDED_AVAILABILITY = YES_AGGRESSIVE;
				CLANG_WARN_UNREACHABLE_CODE = YES;
				CLANG_WARN__DUPLICATE_METHOD_MATCH = YES;
				COPY_PHASE_STRIP = NO;
				DEBUG_INFORMATION_FORMAT = "dwarf-with-dsym";
				ENABLE_NS_ASSERTIONS = NO;
				ENABLE_STRICT_OBJC_MSGSEND = YES;
				GCC_C_LANGUAGE_STANDARD = gnu11;
				GCC_NO_COMMON_BLOCKS = YES;
				GCC_WARN_64_TO_32_BIT_CONVERSION = YES;
				GCC_WARN_ABOUT_RETURN_TYPE = YES_ERROR;
				GCC_WARN_UNDECLARED_SELECTOR = YES;
				GCC_WARN_UNINITIALIZED_AUTOS = YES_AGGRESSIVE;
				GCC_WARN_UNUSED_FUNCTION = YES;
				GCC_WARN_UNUSED_VARIABLE = YES;
				IPHONEOS_DEPLOYMENT_TARGET = 13.1;
				MTL_ENABLE_DEBUG_INFO = NO;
				MTL_FAST_MATH = YES;
				SDKROOT = iphoneos;
				SWIFT_COMPILATION_MODE = wholemodule;
				SWIFT_OPTIMIZATION_LEVEL = "-O";
				VALIDATE_PRODUCT = YES;
			};
			name = Release;
		};
		AD8E8D3023522F7A0030F7E9 /* Debug */ = {
			isa = XCBuildConfiguration;
			buildSettings = {
				ASSETCATALOG_COMPILER_APPICON_NAME = AppIcon;
				CODE_SIGN_STYLE = Automatic;
				DEVELOPMENT_ASSET_PATHS = "\"mainboARd/Preview Content\"";
				ENABLE_PREVIEWS = YES;
				INFOPLIST_FILE = mainboARd/Info.plist;
				LD_RUNPATH_SEARCH_PATHS = (
					"$(inherited)",
					"@executable_path/Frameworks",
				);
				PRODUCT_BUNDLE_IDENTIFIER = Pascal.mainboARd;
				PRODUCT_NAME = "$(TARGET_NAME)";
				SWIFT_VERSION = 5.0;
				TARGETED_DEVICE_FAMILY = "1,2";
			};
			name = Debug;
		};
		AD8E8D3123522F7A0030F7E9 /* Release */ = {
			isa = XCBuildConfiguration;
			buildSettings = {
				ASSETCATALOG_COMPILER_APPICON_NAME = AppIcon;
				CODE_SIGN_STYLE = Automatic;
				DEVELOPMENT_ASSET_PATHS = "\"mainboARd/Preview Content\"";
				ENABLE_PREVIEWS = YES;
				INFOPLIST_FILE = mainboARd/Info.plist;
				LD_RUNPATH_SEARCH_PATHS = (
					"$(inherited)",
					"@executable_path/Frameworks",
				);
				PRODUCT_BUNDLE_IDENTIFIER = Pascal.mainboARd;
				PRODUCT_NAME = "$(TARGET_NAME)";
				SWIFT_VERSION = 5.0;
				TARGETED_DEVICE_FAMILY = "1,2";
			};
			name = Release;
		};
		AD8E8D3323522F7A0030F7E9 /* Debug */ = {
			isa = XCBuildConfiguration;
			buildSettings = {
				ALWAYS_EMBED_SWIFT_STANDARD_LIBRARIES = YES;
				BUNDLE_LOADER = "$(TEST_HOST)";
				CODE_SIGN_STYLE = Automatic;
				INFOPLIST_FILE = mainboARdTests/Info.plist;
				IPHONEOS_DEPLOYMENT_TARGET = 13.1;
				LD_RUNPATH_SEARCH_PATHS = (
					"$(inherited)",
					"@executable_path/Frameworks",
					"@loader_path/Frameworks",
				);
				PRODUCT_BUNDLE_IDENTIFIER = Pascal.mainboARdTests;
				PRODUCT_NAME = "$(TARGET_NAME)";
				SWIFT_VERSION = 5.0;
				TARGETED_DEVICE_FAMILY = "1,2";
				TEST_HOST = "$(BUILT_PRODUCTS_DIR)/mainboARd.app/mainboARd";
			};
			name = Debug;
		};
		AD8E8D3423522F7A0030F7E9 /* Release */ = {
			isa = XCBuildConfiguration;
			buildSettings = {
				ALWAYS_EMBED_SWIFT_STANDARD_LIBRARIES = YES;
				BUNDLE_LOADER = "$(TEST_HOST)";
				CODE_SIGN_STYLE = Automatic;
				INFOPLIST_FILE = mainboARdTests/Info.plist;
				IPHONEOS_DEPLOYMENT_TARGET = 13.1;
				LD_RUNPATH_SEARCH_PATHS = (
					"$(inherited)",
					"@executable_path/Frameworks",
					"@loader_path/Frameworks",
				);
				PRODUCT_BUNDLE_IDENTIFIER = Pascal.mainboARdTests;
				PRODUCT_NAME = "$(TARGET_NAME)";
				SWIFT_VERSION = 5.0;
				TARGETED_DEVICE_FAMILY = "1,2";
				TEST_HOST = "$(BUILT_PRODUCTS_DIR)/mainboARd.app/mainboARd";
			};
			name = Release;
		};
		AD8E8D3623522F7A0030F7E9 /* Debug */ = {
			isa = XCBuildConfiguration;
			buildSettings = {
				ALWAYS_EMBED_SWIFT_STANDARD_LIBRARIES = YES;
				CODE_SIGN_STYLE = Automatic;
				INFOPLIST_FILE = mainboARdUITests/Info.plist;
				LD_RUNPATH_SEARCH_PATHS = (
					"$(inherited)",
					"@executable_path/Frameworks",
					"@loader_path/Frameworks",
				);
				PRODUCT_BUNDLE_IDENTIFIER = Pascal.mainboARdUITests;
				PRODUCT_NAME = "$(TARGET_NAME)";
				SWIFT_VERSION = 5.0;
				TARGETED_DEVICE_FAMILY = "1,2";
				TEST_TARGET_NAME = mainboARd;
			};
			name = Debug;
		};
		AD8E8D3723522F7A0030F7E9 /* Release */ = {
			isa = XCBuildConfiguration;
			buildSettings = {
				ALWAYS_EMBED_SWIFT_STANDARD_LIBRARIES = YES;
				CODE_SIGN_STYLE = Automatic;
				INFOPLIST_FILE = mainboARdUITests/Info.plist;
				LD_RUNPATH_SEARCH_PATHS = (
					"$(inherited)",
					"@executable_path/Frameworks",
					"@loader_path/Frameworks",
				);
				PRODUCT_BUNDLE_IDENTIFIER = Pascal.mainboARdUITests;
				PRODUCT_NAME = "$(TARGET_NAME)";
				SWIFT_VERSION = 5.0;
				TARGETED_DEVICE_FAMILY = "1,2";
				TEST_TARGET_NAME = mainboARd;
			};
			name = Release;
		};
/* End XCBuildConfiguration section */

/* Begin XCConfigurationList section */
		AD8E8CFD23522F760030F7E9 /* Build configuration list for PBXProject "mainboARd" */ = {
			isa = XCConfigurationList;
			buildConfigurations = (
				AD8E8D2D23522F7A0030F7E9 /* Debug */,
				AD8E8D2E23522F7A0030F7E9 /* Release */,
			);
			defaultConfigurationIsVisible = 0;
			defaultConfigurationName = Release;
		};
		AD8E8D2F23522F7A0030F7E9 /* Build configuration list for PBXNativeTarget "mainboARd" */ = {
			isa = XCConfigurationList;
			buildConfigurations = (
				AD8E8D3023522F7A0030F7E9 /* Debug */,
				AD8E8D3123522F7A0030F7E9 /* Release */,
			);
			defaultConfigurationIsVisible = 0;
			defaultConfigurationName = Release;
		};
		AD8E8D3223522F7A0030F7E9 /* Build configuration list for PBXNativeTarget "mainboARdTests" */ = {
			isa = XCConfigurationList;
			buildConfigurations = (
				AD8E8D3323522F7A0030F7E9 /* Debug */,
				AD8E8D3423522F7A0030F7E9 /* Release */,
			);
			defaultConfigurationIsVisible = 0;
			defaultConfigurationName = Release;
		};
		AD8E8D3523522F7A0030F7E9 /* Build configuration list for PBXNativeTarget "mainboARdUITests" */ = {
			isa = XCConfigurationList;
			buildConfigurations = (
				AD8E8D3623522F7A0030F7E9 /* Debug */,
				AD8E8D3723522F7A0030F7E9 /* Release */,
			);
			defaultConfigurationIsVisible = 0;
			defaultConfigurationName = Release;
		};
/* End XCConfigurationList section */

/* Begin XCVersionGroup section */
		AD8E8D0923522F760030F7E9 /* mainboARd.xcdatamodeld */ = {
			isa = XCVersionGroup;
			children = (
				AD8E8D0A23522F760030F7E9 /* mainboARd.xcdatamodel */,
			);
			currentVersion = AD8E8D0A23522F760030F7E9 /* mainboARd.xcdatamodel */;
			path = mainboARd.xcdatamodeld;
			sourceTree = "<group>";
			versionGroupType = wrapper.xcdatamodel;
		};
/* End XCVersionGroup section */
	};
	rootObject = AD8E8CFA23522F760030F7E9 /* Project object */;
}
